# @generated - this file is auto-generated by `mise lock` https://mise.jdx.dev/dev-tools/mise-lock.html

lockfile_version = 1

[[tools."github:reidransom/cdnware"]]
version = "0.0.6"
backend = "github:reidransom/cdnware"
specifiers = ["0.0.6"]

[tools."github:reidransom/cdnware"."platforms.linux-x64"]
checksum = "sha256:b6bcc50af8545db5d2272653de62306e782e6e60ecae8a7e3d44ce1626c040f6"
url = "https://github.com/reidransom/cdnware/releases/download/v0.0.6/cdnware_0.0.6_linux_amd64.tar.gz"
url_api = "https://api.github.com/repos/reidransom/cdnware/releases/assets/544569880"

[[tools."github:reidransom/jigyll"]]
version = "1.11.0"
backend = "github:reidransom/jigyll"
specifiers = ["1.11.0"]

[tools."github:reidransom/jigyll"."platforms.linux-x64"]
checksum = "sha256:c098ae4098dd3e0de7176e405905601003ea89e87392d4fe4f78570c906da7c8"
url = "https://github.com/reidransom/jigyll/releases/download/v1.11.0/jigyll_Linux_x86_64v1.tar.gz"
url_api = "https://api.github.com/repos/reidransom/jigyll/releases/assets/543345929"

[[tools."github:sass/dart-sass"]]
version = "1.103.1"
backend = "github:sass/dart-sass"
specifiers = ["1.103.1"]

[tools."github:sass/dart-sass"."platforms.linux-x64"]
checksum = "sha256:b33a7747fc41cb4f96dff09eaf02ada4dd47153f2e54cda915ff9310d9f8914a"
url = "https://github.com/sass/dart-sass/releases/download/1.103.1/dart-sass-1.103.1-linux-x64.tar.gz"
url_api = "https://api.github.com/repos/sass/dart-sass/releases/assets/522883836"
provenance = "github-attestations"
provenance_verified = true

[[tools.node]]
version = "22.23.2"
backend = "core:node"
specifiers = ["22.23.2"]

[tools.node."platforms.linux-x64"]
checksum = "sha256:b294a556e639d64338823920e5866c21c02741742d2e1529ee1a225c1ec9252a"
url = "https://nodejs.org/dist/v22.23.2/node-v22.23.2-linux-x64.tar.gz"
