# @generated - this file is auto-generated by `mise lock` https://mise.jdx.dev/dev-tools/mise-lock.html

lockfile_version = 1

[[tools."github:reidransom/jigyll"]]
version = "1.8.3"
backend = "github:reidransom/jigyll"
specifiers = ["1.8.3"]

[tools."github:reidransom/jigyll"."platforms.linux-x64"]
checksum = "sha256:74ecec3f06a4681a4230d0a894a0916f32e1343cd2bf70ec4cd678c36bb79922"
url = "https://github.com/reidransom/jigyll/releases/download/v1.8.3/jigyll_Linux_x86_64v1.tar.gz"
url_api = "https://api.github.com/repos/reidransom/jigyll/releases/assets/534440264"

[[tools."github:sass/dart-sass"]]
version = "1.103.1"
backend = "github:sass/dart-sass"
specifiers = ["1.103.1"]

[tools."github:sass/dart-sass"."platforms.linux-x64"]
checksum = "sha256:b33a7747fc41cb4f96dff09eaf02ada4dd47153f2e54cda915ff9310d9f8914a"
url = "https://github.com/sass/dart-sass/releases/download/1.103.1/dart-sass-1.103.1-linux-x64.tar.gz"
url_api = "https://api.github.com/repos/sass/dart-sass/releases/assets/522883836"
provenance = "github-attestations"
provenance_verified = true
